// !$*UTF8*$!
{
	archiveVersion = 1;
	classes = {
	};
	objectVersion = 50;
	objects = {

/* Begin PBXBuildFile section */
		76FB5A70217DBC55001FBE51 /* AppDelegate.swift in Sources */ = {isa = PBXBuildFile; fileRef = 76FB5A6F217DBC55001FBE51 /* AppDelegate.swift */; };
		76FB5A72217DBC55001FBE51 /* ViewController.swift in Sources */ = {isa = PBXBuildFile; fileRef = 76FB5A71217DBC55001FBE51 /* ViewController.swift */; };
		76FB5A75217DBC55001FBE51 /* Main.storyboard in Resources */ = {isa = PBXBuildFile; fileRef = 76FB5A73217DBC55001FBE51 /* Main.storyboard */; };
		76FB5A77217DBC59001FBE51 /* Assets.xcassets in Resources */ = {isa = PBXBuildFile; fileRef = 76FB5A76217DBC59001FBE51 /* Assets.xcassets */; };
		76FB5A7A217DBC59001FBE51 /* LaunchScreen.storyboard in Resources */ = {isa = PBXBuildFile; fileRef = 76FB5A78217DBC59001FBE51 /* LaunchScreen.storyboard */; };
		76FB5A83217DC239001FBE51 /* BarChartViewController.swift in Sources */ = {isa = PBXBuildFile; fileRef = 76FB5A82217DC239001FBE51 /* BarChartViewController.swift */; };
		76FB5A85217DC245001FBE51 /* ChartViewController.swift in Sources */ = {isa = PBXBuildFile; fileRef = 76FB5A84217DC245001FBE51 /* ChartViewController.swift */; };
		76FB5A87217EC020001FBE51 /* BubbleChartViewController.swift in Sources */ = {isa = PBXBuildFile; fileRef = 76FB5A86217EC020001FBE51 /* BubbleChartViewController.swift */; };
		76FB5A8C217EC171001FBE51 /* BarChart.storyboard in Resources */ = {isa = PBXBuildFile; fileRef = 76FB5A8B217EC171001FBE51 /* BarChart.storyboard */; };
		76FB5A90217EC604001FBE51 /* LineAndPieChart.storyboard in Resources */ = {isa = PBXBuildFile; fileRef = 76FB5A8F217EC604001FBE51 /* LineAndPieChart.storyboard */; };
		76FB5A92217EC62B001FBE51 /* BubbleChart.storyboard in Resources */ = {isa = PBXBuildFile; fileRef = 76FB5A91217EC62B001FBE51 /* BubbleChart.storyboard */; };
		76FB5A94217EC768001FBE51 /* dataSet.swift in Sources */ = {isa = PBXBuildFile; fileRef = 76FB5A93217EC768001FBE51 /* dataSet.swift */; };
		76FB5A97217ED2BF001FBE51 /* ScatterChartViewController.swift in Sources */ = {isa = PBXBuildFile; fileRef = 76FB5A96217ED2BF001FBE51 /* ScatterChartViewController.swift */; };
		76FB5A99217ED2EC001FBE51 /* ScatterChart.storyboard in Resources */ = {isa = PBXBuildFile; fileRef = 76FB5A98217ED2EC001FBE51 /* ScatterChart.storyboard */; };
		76FB5AA121801680001FBE51 /* RadarViewController.swift in Sources */ = {isa = PBXBuildFile; fileRef = 76FB5AA021801680001FBE51 /* RadarViewController.swift */; };
		76FB5AA32180169F001FBE51 /* Radar.storyboard in Resources */ = {isa = PBXBuildFile; fileRef = 76FB5AA22180169F001FBE51 /* Radar.storyboard */; };
		76FB5AA52181438E001FBE51 /* MultipleBarChartViewController.swift in Sources */ = {isa = PBXBuildFile; fileRef = 76FB5AA42181438E001FBE51 /* MultipleBarChartViewController.swift */; };
		BAFA0F1C5DC13D7FE032A505 /* Pods_chartsProj.framework in Frameworks */ = {isa = PBXBuildFile; fileRef = 1BC716F8868739AC6D3F285B /* Pods_chartsProj.framework */; };
/* End PBXBuildFile section */

/* Begin PBXFileReference section */
		1BC716F8868739AC6D3F285B /* Pods_chartsProj.framework */ = {isa = PBXFileReference; explicitFileType = wrapper.framework; includeInIndex = 0; path = Pods_chartsProj.framework; sourceTree = BUILT_PRODUCTS_DIR; };
		76FB5A6C217DBC55001FBE51 /* chartsProj.app */ = {isa = PBXFileReference; explicitFileType = wrapper.application; includeInIndex = 0; path = chartsProj.app; sourceTree = BUILT_PRODUCTS_DIR; };
		76FB5A6F217DBC55001FBE51 /* AppDelegate.swift */ = {isa = PBXFileReference; lastKnownFileType = sourcecode.swift; path = AppDelegate.swift; sourceTree = "<group>"; };
		76FB5A71217DBC55001FBE51 /* ViewController.swift */ = {isa = PBXFileReference; lastKnownFileType = sourcecode.swift; path = ViewController.swift; sourceTree = "<group>"; };
		76FB5A74217DBC55001FBE51 /* Base */ = {isa = PBXFileReference; lastKnownFileType = file.storyboard; name = Base; path = Base.lproj/Main.storyboard; sourceTree = "<group>"; };
		76FB5A76217DBC59001FBE51 /* Assets.xcassets */ = {isa = PBXFileReference; lastKnownFileType = folder.assetcatalog; path = Assets.xcassets; sourceTree = "<group>"; };
		76FB5A79217DBC59001FBE51 /* Base */ = {isa = PBXFileReference; lastKnownFileType = file.storyboard; name = Base; path = Base.lproj/LaunchScreen.storyboard; sourceTree = "<group>"; };
		76FB5A7B217DBC59001FBE51 /* Info.plist */ = {isa = PBXFileReference; lastKnownFileType = text.plist.xml; path = Info.plist; sourceTree = "<group>"; };
		76FB5A82217DC239001FBE51 /* BarChartViewController.swift */ = {isa = PBXFileReference; lastKnownFileType = sourcecode.swift; path = BarChartViewController.swift; sourceTree = "<group>"; };
		76FB5A84217DC245001FBE51 /* ChartViewController.swift */ = {isa = PBXFileReference; lastKnownFileType = sourcecode.swift; path = ChartViewController.swift; sourceTree = "<group>"; };
		76FB5A86217EC020001FBE51 /* BubbleChartViewController.swift */ = {isa = PBXFileReference; lastKnownFileType = sourcecode.swift; path = BubbleChartViewController.swift; sourceTree = "<group>"; };
		76FB5A8B217EC171001FBE51 /* BarChart.storyboard */ = {isa = PBXFileReference; fileEncoding = 4; lastKnownFileType = file.storyboard; path = BarChart.storyboard; sourceTree = "<group>"; };
		76FB5A8F217EC604001FBE51 /* LineAndPieChart.storyboard */ = {isa = PBXFileReference; fileEncoding = 4; lastKnownFileType = file.storyboard; path = LineAndPieChart.storyboard; sourceTree = "<group>"; };
		76FB5A91217EC62B001FBE51 /* BubbleChart.storyboard */ = {isa = PBXFileReference; fileEncoding = 4; lastKnownFileType = file.storyboard; path = BubbleChart.storyboard; sourceTree = "<group>"; };
		76FB5A93217EC768001FBE51 /* dataSet.swift */ = {isa = PBXFileReference; lastKnownFileType = sourcecode.swift; path = dataSet.swift; sourceTree = "<group>"; };
		76FB5A96217ED2BF001FBE51 /* ScatterChartViewController.swift */ = {isa = PBXFileReference; lastKnownFileType = sourcecode.swift; path = ScatterChartViewController.swift; sourceTree = "<group>"; };
		76FB5A98217ED2EC001FBE51 /* ScatterChart.storyboard */ = {isa = PBXFileReference; fileEncoding = 4; lastKnownFileType = file.storyboard; path = ScatterChart.storyboard; sourceTree = "<group>"; };
		76FB5AA021801680001FBE51 /* RadarViewController.swift */ = {isa = PBXFileReference; lastKnownFileType = sourcecode.swift; path = RadarViewController.swift; sourceTree = "<group>"; };
		76FB5AA22180169F001FBE51 /* Radar.storyboard */ = {isa = PBXFileReference; fileEncoding = 4; lastKnownFileType = file.storyboard; path = Radar.storyboard; sourceTree = "<group>"; };
		76FB5AA42181438E001FBE51 /* MultipleBarChartViewController.swift */ = {isa = PBXFileReference; lastKnownFileType = sourcecode.swift; path = MultipleBarChartViewController.swift; sourceTree = "<group>"; };
		AAEBE65EC9482E002A69D231 /* Pods-chartsProj.debug.xcconfig */ = {isa = PBXFileReference; includeInIndex = 1; lastKnownFileType = text.xcconfig; name = "Pods-chartsProj.debug.xcconfig"; path = "Pods/Target Support Files/Pods-chartsProj/Pods-chartsProj.debug.xcconfig"; sourceTree = "<group>"; };
		C5B5730E7A0AB6E4D9650CE0 /* Pods-chartsProj.release.xcconfig */ = {isa = PBXFileReference; includeInIndex = 1; lastKnownFileType = text.xcconfig; name = "Pods-chartsProj.release.xcconfig"; path = "Pods/Target Support Files/Pods-chartsProj/Pods-chartsProj.release.xcconfig"; sourceTree = "<group>"; };
/* End PBXFileReference section */

/* Begin PBXFrameworksBuildPhase section */
		76FB5A69217DBC55001FBE51 /* Frameworks */ = {
			isa = PBXFrameworksBuildPhase;
			buildActionMask = 2147483647;
			files = (
				BAFA0F1C5DC13D7FE032A505 /* Pods_chartsProj.framework in Frameworks */,
			);
			runOnlyForDeploymentPostprocessing = 0;
		};
/* End PBXFrameworksBuildPhase section */

/* Begin PBXGroup section */
		47879590C7F1BE7AF4B36DE9 /* Pods */ = {
			isa = PBXGroup;
			children = (
				AAEBE65EC9482E002A69D231 /* Pods-chartsProj.debug.xcconfig */,
				C5B5730E7A0AB6E4D9650CE0 /* Pods-chartsProj.release.xcconfig */,
			);
			name = Pods;
			sourceTree = "<group>";
		};
		76FB5A63217DBC55001FBE51 = {
			isa = PBXGroup;
			children = (
				76FB5A6E217DBC55001FBE51 /* chartsProj */,
				76FB5A6D217DBC55001FBE51 /* Products */,
				47879590C7F1BE7AF4B36DE9 /* Pods */,
				A917394868BA4063D32F9CF4 /* Frameworks */,
			);
			sourceTree = "<group>";
		};
		76FB5A6D217DBC55001FBE51 /* Products */ = {
			isa = PBXGroup;
			children = (
				76FB5A6C217DBC55001FBE51 /* chartsProj.app */,
			);
			name = Products;
			sourceTree = "<group>";
		};
		76FB5A6E217DBC55001FBE51 /* chartsProj */ = {
			isa = PBXGroup;
			children = (
				76FB5A6F217DBC55001FBE51 /* AppDelegate.swift */,
				76FB5A95217EC76D001FBE51 /* model */,
				76FB5A81217DC21B001FBE51 /* controller */,
				76FB5A8A217EC0F2001FBE51 /* storyboard */,
				76FB5A76217DBC59001FBE51 /* Assets.xcassets */,
				76FB5A78217DBC59001FBE51 /* LaunchScreen.storyboard */,
				76FB5A7B217DBC59001FBE51 /* Info.plist */,
			);
			path = chartsProj;
			sourceTree = "<group>";
		};
		76FB5A81217DC21B001FBE51 /* controller */ = {
			isa = PBXGroup;
			children = (
				76FB5A71217DBC55001FBE51 /* ViewController.swift */,
				76FB5A82217DC239001FBE51 /* BarChartViewController.swift */,
				76FB5A84217DC245001FBE51 /* ChartViewController.swift */,
				76FB5A86217EC020001FBE51 /* BubbleChartViewController.swift */,
				76FB5A96217ED2BF001FBE51 /* ScatterChartViewController.swift */,
				76FB5AA021801680001FBE51 /* RadarViewController.swift */,
				76FB5AA42181438E001FBE51 /* MultipleBarChartViewController.swift */,
			);
			path = controller;
			sourceTree = "<group>";
		};
		76FB5A8A217EC0F2001FBE51 /* storyboard */ = {
			isa = PBXGroup;
			children = (
				76FB5AA22180169F001FBE51 /* Radar.storyboard */,
				76FB5A98217ED2EC001FBE51 /* ScatterChart.storyboard */,
				76FB5A91217EC62B001FBE51 /* BubbleChart.storyboard */,
				76FB5A8F217EC604001FBE51 /* LineAndPieChart.storyboard */,
				76FB5A8B217EC171001FBE51 /* BarChart.storyboard */,
				76FB5A73217DBC55001FBE51 /* Main.storyboard */,
			);
			path = storyboard;
			sourceTree = "<group>";
		};
		76FB5A95217EC76D001FBE51 /* model */ = {
			isa = PBXGroup;
			children = (
				76FB5A93217EC768001FBE51 /* dataSet.swift */,
			);
			path = model;
			sourceTree = "<group>";
		};
		A917394868BA4063D32F9CF4 /* Frameworks */ = {
			isa = PBXGroup;
			children = (
				1BC716F8868739AC6D3F285B /* Pods_chartsProj.framework */,
			);
			name = Frameworks;
			sourceTree = "<group>";
		};
/* End PBXGroup section */

/* Begin PBXNativeTarget section */
		76FB5A6B217DBC55001FBE51 /* chartsProj */ = {
			isa = PBXNativeTarget;
			buildConfigurationList = 76FB5A7E217DBC59001FBE51 /* Build configuration list for PBXNativeTarget "chartsProj" */;
			buildPhases = (
				44BCDC7402AAA01E2E18C839 /* [CP] Check Pods Manifest.lock */,
				76FB5A68217DBC55001FBE51 /* Sources */,
				76FB5A69217DBC55001FBE51 /* Frameworks */,
				76FB5A6A217DBC55001FBE51 /* Resources */,
				A2C1DC106E38B894E40CF9C8 /* [CP] Embed Pods Frameworks */,
			);
			buildRules = (
			);
			dependencies = (
			);
			name = chartsProj;
			productName = chartsProj;
			productReference = 76FB5A6C217DBC55001FBE51 /* chartsProj.app */;
			productType = "com.apple.product-type.application";
		};
/* End PBXNativeTarget section */

/* Begin PBXProject section */
		76FB5A64217DBC55001FBE51 /* Project object */ = {
			isa = PBXProject;
			attributes = {
				LastSwiftUpdateCheck = 0940;
				LastUpgradeCheck = 0940;
				ORGANIZATIONNAME = "陳仲堯";
				TargetAttributes = {
					76FB5A6B217DBC55001FBE51 = {
						CreatedOnToolsVersion = 9.4.1;
					};
				};
			};
			buildConfigurationList = 76FB5A67217DBC55001FBE51 /* Build configuration list for PBXProject "chartsProj" */;
			compatibilityVersion = "Xcode 9.3";
			developmentRegion = en;
			hasScannedForEncodings = 0;
			knownRegions = (
				en,
				Base,
			);
			mainGroup = 76FB5A63217DBC55001FBE51;
			productRefGroup = 76FB5A6D217DBC55001FBE51 /* Products */;
			projectDirPath = "";
			projectRoot = "";
			targets = (
				76FB5A6B217DBC55001FBE51 /* chartsProj */,
			);
		};
/* End PBXProject section */

/* Begin PBXResourcesBuildPhase section */
		76FB5A6A217DBC55001FBE51 /* Resources */ = {
			isa = PBXResourcesBuildPhase;
			buildActionMask = 2147483647;
			files = (
				76FB5A99217ED2EC001FBE51 /* ScatterChart.storyboard in Resources */,
				76FB5AA32180169F001FBE51 /* Radar.storyboard in Resources */,
				76FB5A7A217DBC59001FBE51 /* LaunchScreen.storyboard in Resources */,
				76FB5A8C217EC171001FBE51 /* BarChart.storyboard in Resources */,
				76FB5A90217EC604001FBE51 /* LineAndPieChart.storyboard in Resources */,
				76FB5A92217EC62B001FBE51 /* BubbleChart.storyboard in Resources */,
				76FB5A77217DBC59001FBE51 /* Assets.xcassets in Resources */,
				76FB5A75217DBC55001FBE51 /* Main.storyboard in Resources */,
			);
			runOnlyForDeploymentPostprocessing = 0;
		};
/* End PBXResourcesBuildPhase section */

/* Begin PBXShellScriptBuildPhase section */
		44BCDC7402AAA01E2E18C839 /* [CP] Check Pods Manifest.lock */ = {
			isa = PBXShellScriptBuildPhase;
			buildActionMask = 2147483647;
			files = (
			);
			inputPaths = (
				"${PODS_PODFILE_DIR_PATH}/Podfile.lock",
				"${PODS_ROOT}/Manifest.lock",
			);
			name = "[CP] Check Pods Manifest.lock";
			outputPaths = (
				"$(DERIVED_FILE_DIR)/Pods-chartsProj-checkManifestLockResult.txt",
			);
			runOnlyForDeploymentPostprocessing = 0;
			shellPath = /bin/sh;
			shellScript = "diff \"${PODS_PODFILE_DIR_PATH}/Podfile.lock\" \"${PODS_ROOT}/Manifest.lock\" > /dev/null\nif [ $? != 0 ] ; then\n    # print error to STDERR\n    echo \"error: The sandbox is not in sync with the Podfile.lock. Run 'pod install' or update your CocoaPods installation.\" >&2\n    exit 1\nfi\n# This output is used by Xcode 'outputs' to avoid re-running this script phase.\necho \"SUCCESS\" > \"${SCRIPT_OUTPUT_FILE_0}\"\n";
			showEnvVarsInLog = 0;
		};
		A2C1DC106E38B894E40CF9C8 /* [CP] Embed Pods Frameworks */ = {
			isa = PBXShellScriptBuildPhase;
			buildActionMask = 2147483647;
			files = (
			);
			inputPaths = (
				"${SRCROOT}/Pods/Target Support Files/Pods-chartsProj/Pods-chartsProj-frameworks.sh",
				"${BUILT_PRODUCTS_DIR}/Charts/Charts.framework",
			);
			name = "[CP] Embed Pods Frameworks";
			outputPaths = (
				"${TARGET_BUILD_DIR}/${FRAMEWORKS_FOLDER_PATH}/Charts.framework",
			);
			runOnlyForDeploymentPostprocessing = 0;
			shellPath = /bin/sh;
			shellScript = "\"${SRCROOT}/Pods/Target Support Files/Pods-chartsProj/Pods-chartsProj-frameworks.sh\"\n";
			showEnvVarsInLog = 0;
		};
/* End PBXShellScriptBuildPhase section */

/* Begin PBXSourcesBuildPhase section */
		76FB5A68217DBC55001FBE51 /* Sources */ = {
			isa = PBXSourcesBuildPhase;
			buildActionMask = 2147483647;
			files = (
				76FB5A72217DBC55001FBE51 /* ViewController.swift in Sources */,
				76FB5A85217DC245001FBE51 /* ChartViewController.swift in Sources */,
				76FB5A94217EC768001FBE51 /* dataSet.swift in Sources */,
				76FB5A70217DBC55001FBE51 /* AppDelegate.swift in Sources */,
				76FB5A87217EC020001FBE51 /* BubbleChartViewController.swift in Sources */,
				76FB5AA121801680001FBE51 /* RadarViewController.swift in Sources */,
				76FB5AA52181438E001FBE51 /* MultipleBarChartViewController.swift in Sources */,
				76FB5A97217ED2BF001FBE51 /* ScatterChartViewController.swift in Sources */,
				76FB5A83217DC239001FBE51 /* BarChartViewController.swift in Sources */,
			);
			runOnlyForDeploymentPostprocessing = 0;
		};
/* End PBXSourcesBuildPhase section */

/* Begin PBXVariantGroup section */
		76FB5A73217DBC55001FBE51 /* Main.storyboard */ = {
			isa = PBXVariantGroup;
			children = (
				76FB5A74217DBC55001FBE51 /* Base */,
			);
			name = Main.storyboard;
			sourceTree = "<group>";
		};
		76FB5A78217DBC59001FBE51 /* LaunchScreen.storyboard */ = {
			isa = PBXVariantGroup;
			children = (
				76FB5A79217DBC59001FBE51 /* Base */,
			);
			name = LaunchScreen.storyboard;
			sourceTree = "<group>";
		};
/* End PBXVariantGroup section */

/* Begin XCBuildConfiguration section */
		76FB5A7C217DBC59001FBE51 /* Debug */ = {
			isa = XCBuildConfiguration;
			buildSettings = {
				ALWAYS_SEARCH_USER_PATHS = NO;
				CLANG_ANALYZER_NONNULL = YES;
				CLANG_ANALYZER_NUMBER_OBJECT_CONVERSION = YES_AGGRESSIVE;
				CLANG_CXX_LANGUAGE_STANDARD = "gnu++14";
				CLANG_CXX_LIBRARY = "libc++";
				CLANG_ENABLE_MODULES = YES;
				CLANG_ENABLE_OBJC_ARC = YES;
				CLANG_ENABLE_OBJC_WEAK = YES;
				CLANG_WARN_BLOCK_CAPTURE_AUTORELEASING = YES;
				CLANG_WARN_BOOL_CONVERSION = YES;
				CLANG_WARN_COMMA = YES;
				CLANG_WARN_CONSTANT_CONVERSION = YES;
				CLANG_WARN_DEPRECATED_OBJC_IMPLEMENTATIONS = YES;
				CLANG_WARN_DIRECT_OBJC_ISA_USAGE = YES_ERROR;
				CLANG_WARN_DOCUMENTATION_COMMENTS = YES;
				CLANG_WARN_EMPTY_BODY = YES;
				CLANG_WARN_ENUM_CONVERSION = YES;
				CLANG_WARN_INFINITE_RECURSION = YES;
				CLANG_WARN_INT_CONVERSION = YES;
				CLANG_WARN_NON_LITERAL_NULL_CONVERSION = YES;
				CLANG_WARN_OBJC_IMPLICIT_RETAIN_SELF = YES;
				CLANG_WARN_OBJC_LITERAL_CONVERSION = YES;
				CLANG_WARN_OBJC_ROOT_CLASS = YES_ERROR;
				CLANG_WARN_RANGE_LOOP_ANALYSIS = YES;
				CLANG_WARN_STRICT_PROTOTYPES = YES;
				CLANG_WARN_SUSPICIOUS_MOVE = YES;
				CLANG_WARN_UNGUARDED_AVAILABILITY = YES_AGGRESSIVE;
				CLANG_WARN_UNREACHABLE_CODE = YES;
				CLANG_WARN__DUPLICATE_METHOD_MATCH = YES;
				CODE_SIGN_IDENTITY = "iPhone Developer";
				COPY_PHASE_STRIP = NO;
				DEBUG_INFORMATION_FORMAT = dwarf;
				ENABLE_STRICT_OBJC_MSGSEND = YES;
				ENABLE_TESTABILITY = YES;
				GCC_C_LANGUAGE_STANDARD = gnu11;
				GCC_DYNAMIC_NO_PIC = NO;
				GCC_NO_COMMON_BLOCKS = YES;
				GCC_OPTIMIZATION_LEVEL = 0;
				GCC_PREPROCESSOR_DEFINITIONS = (
					"DEBUG=1",
					"$(inherited)",
				);
				GCC_WARN_64_TO_32_BIT_CONVERSION = YES;
				GCC_WARN_ABOUT_RETURN_TYPE = YES_ERROR;
				GCC_WARN_UNDECLARED_SELECTOR = YES;
				GCC_WARN_UNINITIALIZED_AUTOS = YES_AGGRESSIVE;
				GCC_WARN_UNUSED_FUNCTION = YES;
				GCC_WARN_UNUSED_VARIABLE = YES;
				IPHONEOS_DEPLOYMENT_TARGET = 11.4;
				MTL_ENABLE_DEBUG_INFO = YES;
				ONLY_ACTIVE_ARCH = YES;
				SDKROOT = iphoneos;
				SWIFT_ACTIVE_COMPILATION_CONDITIONS = DEBUG;
				SWIFT_OPTIMIZATION_LEVEL = "-Onone";
			};
			name = Debug;
		};
		76FB5A7D217DBC59001FBE51 /* Release */ = {
			isa = XCBuildConfiguration;
			buildSettings = {
				ALWAYS_SEARCH_USER_PATHS = NO;
				CLANG_ANALYZER_NONNULL = YES;
				CLANG_ANALYZER_NUMBER_OBJECT_CONVERSION = YES_AGGRESSIVE;
				CLANG_CXX_LANGUAGE_STANDARD = "gnu++14";
				CLANG_CXX_LIBRARY = "libc++";
				CLANG_ENABLE_MODULES = YES;
				CLANG_ENABLE_OBJC_ARC = YES;
				CLANG_ENABLE_OBJC_WEAK = YES;
				CLANG_WARN_BLOCK_CAPTURE_AUTORELEASING = YES;
				CLANG_WARN_BOOL_CONVERSION = YES;
				CLANG_WARN_COMMA = YES;
				CLANG_WARN_CONSTANT_CONVERSION = YES;
				CLANG_WARN_DEPRECATED_OBJC_IMPLEMENTATIONS = YES;
				CLANG_WARN_DIRECT_OBJC_ISA_USAGE = YES_ERROR;
				CLANG_WARN_DOCUMENTATION_COMMENTS = YES;
				CLANG_WARN_EMPTY_BODY = YES;
				CLANG_WARN_ENUM_CONVERSION = YES;
				CLANG_WARN_INFINITE_RECURSION = YES;
				CLANG_WARN_INT_CONVERSION = YES;
				CLANG_WARN_NON_LITERAL_NULL_CONVERSION = YES;
				CLANG_WARN_OBJC_IMPLICIT_RETAIN_SELF = YES;
				CLANG_WARN_OBJC_LITERAL_CONVERSION = YES;
				CLANG_WARN_OBJC_ROOT_CLASS = YES_ERROR;
				CLANG_WARN_RANGE_LOOP_ANALYSIS = YES;
				CLANG_WARN_STRICT_PROTOTYPES = YES;
				CLANG_WARN_SUSPICIOUS_MOVE = YES;
				CLANG_WARN_UNGUARDED_AVAILABILITY = YES_AGGRESSIVE;
				CLANG_WARN_UNREACHABLE_CODE = YES;
				CLANG_WARN__DUPLICATE_METHOD_MATCH = YES;
				CODE_SIGN_IDENTITY = "iPhone Developer";
				COPY_PHASE_STRIP = NO;
				DEBUG_INFORMATION_FORMAT = "dwarf-with-dsym";
				ENABLE_NS_ASSERTIONS = NO;
				ENABLE_STRICT_OBJC_MSGSEND = YES;
				GCC_C_LANGUAGE_STANDARD = gnu11;
				GCC_NO_COMMON_BLOCKS = YES;
				GCC_WARN_64_TO_32_BIT_CONVERSION = YES;
				GCC_WARN_ABOUT_RETURN_TYPE = YES_ERROR;
				GCC_WARN_UNDECLARED_SELECTOR = YES;
				GCC_WARN_UNINITIALIZED_AUTOS = YES_AGGRESSIVE;
				GCC_WARN_UNUSED_FUNCTION = YES;
				GCC_WARN_UNUSED_VARIABLE = YES;
				IPHONEOS_DEPLOYMENT_TARGET = 11.4;
				MTL_ENABLE_DEBUG_INFO = NO;
				SDKROOT = iphoneos;
				SWIFT_COMPILATION_MODE = wholemodule;
				SWIFT_OPTIMIZATION_LEVEL = "-O";
				VALIDATE_PRODUCT = YES;
			};
			name = Release;
		};
		76FB5A7F217DBC59001FBE51 /* Debug */ = {
			isa = XCBuildConfiguration;
			baseConfigurationReference = AAEBE65EC9482E002A69D231 /* Pods-chartsProj.debug.xcconfig */;
			buildSettings = {
				ASSETCATALOG_COMPILER_APPICON_NAME = AppIcon;
				CODE_SIGN_STYLE = Automatic;
				DEVELOPMENT_TEAM = 97993CXFRL;
				INFOPLIST_FILE = chartsProj/Info.plist;
				LD_RUNPATH_SEARCH_PATHS = (
					"$(inherited)",
					"@executable_path/Frameworks",
				);
				PRODUCT_BUNDLE_IDENTIFIER = chenYao.chartsProj;
				PRODUCT_NAME = "$(TARGET_NAME)";
				SWIFT_VERSION = 4.0;
				TARGETED_DEVICE_FAMILY = "1,2";
			};
			name = Debug;
		};
		76FB5A80217DBC59001FBE51 /* Release */ = {
			isa = XCBuildConfiguration;
			baseConfigurationReference = C5B5730E7A0AB6E4D9650CE0 /* Pods-chartsProj.release.xcconfig */;
			buildSettings = {
				ASSETCATALOG_COMPILER_APPICON_NAME = AppIcon;
				CODE_SIGN_STYLE = Automatic;
				DEVELOPMENT_TEAM = 97993CXFRL;
				INFOPLIST_FILE = chartsProj/Info.plist;
				LD_RUNPATH_SEARCH_PATHS = (
					"$(inherited)",
					"@executable_path/Frameworks",
				);
				PRODUCT_BUNDLE_IDENTIFIER = chenYao.chartsProj;
				PRODUCT_NAME = "$(TARGET_NAME)";
				SWIFT_VERSION = 4.0;
				TARGETED_DEVICE_FAMILY = "1,2";
			};
			name = Release;
		};
/* End XCBuildConfiguration section */

/* Begin XCConfigurationList section */
		76FB5A67217DBC55001FBE51 /* Build configuration list for PBXProject "chartsProj" */ = {
			isa = XCConfigurationList;
			buildConfigurations = (
				76FB5A7C217DBC59001FBE51 /* Debug */,
				76FB5A7D217DBC59001FBE51 /* Release */,
			);
			defaultConfigurationIsVisible = 0;
			defaultConfigurationName = Release;
		};
		76FB5A7E217DBC59001FBE51 /* Build configuration list for PBXNativeTarget "chartsProj" */ = {
			isa = XCConfigurationList;
			buildConfigurations = (
				76FB5A7F217DBC59001FBE51 /* Debug */,
				76FB5A80217DBC59001FBE51 /* Release */,
			);
			defaultConfigurationIsVisible = 0;
			defaultConfigurationName = Release;
		};
/* End XCConfigurationList section */
	};
	rootObject = 76FB5A64217DBC55001FBE51 /* Project object */;
}
